// !$*UTF8*$!
{
	archiveVersion = 1;
	classes = {
	};
	objectVersion = 50;
	objects = {

/* Begin PBXBuildFile section */
		A64EDCEE26DD06A500777DBE /* AppDelegate.swift in Sources */ = {isa = PBXBuildFile; fileRef = A64EDCED26DD06A500777DBE /* AppDelegate.swift */; };
		A64EDCF026DD06A500777DBE /* SceneDelegate.swift in Sources */ = {isa = PBXBuildFile; fileRef = A64EDCEF26DD06A500777DBE /* SceneDelegate.swift */; };
		A64EDCF226DD06A500777DBE /* MenuViewController.swift in Sources */ = {isa = PBXBuildFile; fileRef = A64EDCF126DD06A500777DBE /* MenuViewController.swift */; };
		A64EDCF526DD06A500777DBE /* Main.storyboard in Resources */ = {isa = PBXBuildFile; fileRef = A64EDCF326DD06A500777DBE /* Main.storyboard */; };
		A64EDCF726DD06A700777DBE /* Assets.xcassets in Resources */ = {isa = PBXBuildFile; fileRef = A64EDCF626DD06A700777DBE /* Assets.xcassets */; };
		A64EDCFA26DD06A700777DBE /* LaunchScreen.storyboard in Resources */ = {isa = PBXBuildFile; fileRef = A64EDCF826DD06A700777DBE /* LaunchScreen.storyboard */; };
		A64EDD0B26DD076300777DBE /* MenuCell.swift in Sources */ = {isa = PBXBuildFile; fileRef = A64EDD0A26DD076300777DBE /* MenuCell.swift */; };
		A64EDD0E26DD077A00777DBE /* File.swift in Sources */ = {isa = PBXBuildFile; fileRef = A64EDD0D26DD077A00777DBE /* File.swift */; };
		A64EDD1026DD0DFC00777DBE /* DetailViewController.swift in Sources */ = {isa = PBXBuildFile; fileRef = A64EDD0F26DD0DFC00777DBE /* DetailViewController.swift */; };
		A64EDD1226DD158A00777DBE /* SlideDownTransitionAnimator.swift in Sources */ = {isa = PBXBuildFile; fileRef = A64EDD1126DD158A00777DBE /* SlideDownTransitionAnimator.swift */; };
		A64EDD1426DD18A400777DBE /* SlideRightTransitionAnimator.swift in Sources */ = {isa = PBXBuildFile; fileRef = A64EDD1326DD18A400777DBE /* SlideRightTransitionAnimator.swift */; };
		A64EDD1626DD1AD100777DBE /* PopTransitionAnimator.swift in Sources */ = {isa = PBXBuildFile; fileRef = A64EDD1526DD1AD100777DBE /* PopTransitionAnimator.swift */; };
		A64EDD1826DD1C8A00777DBE /* RotateTransitionAnimator.swift in Sources */ = {isa = PBXBuildFile; fileRef = A64EDD1726DD1C8A00777DBE /* RotateTransitionAnimator.swift */; };
/* End PBXBuildFile section */

/* Begin PBXFileReference section */
		A64EDCEA26DD06A500777DBE /* TransitionAnimator.app */ = {isa = PBXFileReference; explicitFileType = wrapper.application; includeInIndex = 0; path = TransitionAnimator.app; sourceTree = BUILT_PRODUCTS_DIR; };
		A64EDCED26DD06A500777DBE /* AppDelegate.swift */ = {isa = PBXFileReference; lastKnownFileType = sourcecode.swift; path = AppDelegate.swift; sourceTree = "<group>"; };
		A64EDCEF26DD06A500777DBE /* SceneDelegate.swift */ = {isa = PBXFileReference; lastKnownFileType = sourcecode.swift; path = SceneDelegate.swift; sourceTree = "<group>"; };
		A64EDCF126DD06A500777DBE /* MenuViewController.swift */ = {isa = PBXFileReference; lastKnownFileType = sourcecode.swift; path = MenuViewController.swift; sourceTree = "<group>"; };
		A64EDCF426DD06A500777DBE /* Base */ = {isa = PBXFileReference; lastKnownFileType = file.storyboard; name = Base; path = Base.lproj/Main.storyboard; sourceTree = "<group>"; };
		A64EDCF626DD06A700777DBE /* Assets.xcassets */ = {isa = PBXFileReference; lastKnownFileType = folder.assetcatalog; path = Assets.xcassets; sourceTree = "<group>"; };
		A64EDCF926DD06A700777DBE /* Base */ = {isa = PBXFileReference; lastKnownFileType = file.storyboard; name = Base; path = Base.lproj/LaunchScreen.storyboard; sourceTree = "<group>"; };
		A64EDCFB26DD06A700777DBE /* Info.plist */ = {isa = PBXFileReference; lastKnownFileType = text.plist.xml; path = Info.plist; sourceTree = "<group>"; };
		A64EDD0A26DD076300777DBE /* MenuCell.swift */ = {isa = PBXFileReference; lastKnownFileType = sourcecode.swift; path = MenuCell.swift; sourceTree = "<group>"; };
		A64EDD0D26DD077A00777DBE /* File.swift */ = {isa = PBXFileReference; lastKnownFileType = sourcecode.swift; path = File.swift; sourceTree = "<group>"; };
		A64EDD0F26DD0DFC00777DBE /* DetailViewController.swift */ = {isa = PBXFileReference; lastKnownFileType = sourcecode.swift; path = DetailViewController.swift; sourceTree = "<group>"; };
		A64EDD1126DD158A00777DBE /* SlideDownTransitionAnimator.swift */ = {isa = PBXFileReference; lastKnownFileType = sourcecode.swift; path = SlideDownTransitionAnimator.swift; sourceTree = "<group>"; };
		A64EDD1326DD18A400777DBE /* SlideRightTransitionAnimator.swift */ = {isa = PBXFileReference; lastKnownFileType = sourcecode.swift; path = SlideRightTransitionAnimator.swift; sourceTree = "<group>"; };
		A64EDD1526DD1AD100777DBE /* PopTransitionAnimator.swift */ = {isa = PBXFileReference; lastKnownFileType = sourcecode.swift; path = PopTransitionAnimator.swift; sourceTree = "<group>"; };
		A64EDD1726DD1C8A00777DBE /* RotateTransitionAnimator.swift */ = {isa = PBXFileReference; lastKnownFileType = sourcecode.swift; path = RotateTransitionAnimator.swift; sourceTree = "<group>"; };
/* End PBXFileReference section */

/* Begin PBXFrameworksBuildPhase section */
		A64EDCE726DD06A500777DBE /* Frameworks */ = {
			isa = PBXFrameworksBuildPhase;
			buildActionMask = 2147483647;
			files = (
			);
			runOnlyForDeploymentPostprocessing = 0;
		};
/* End PBXFrameworksBuildPhase section */

/* Begin PBXGroup section */
		A64EDCE126DD06A500777DBE = {
			isa = PBXGroup;
			children = (
				A64EDCEC26DD06A500777DBE /* TransitionAnimator */,
				A64EDCEB26DD06A500777DBE /* Products */,
			);
			sourceTree = "<group>";
		};
		A64EDCEB26DD06A500777DBE /* Products */ = {
			isa = PBXGroup;
			children = (
				A64EDCEA26DD06A500777DBE /* TransitionAnimator.app */,
			);
			name = Products;
			sourceTree = "<group>";
		};
		A64EDCEC26DD06A500777DBE /* TransitionAnimator */ = {
			isa = PBXGroup;
			children = (
				A64EDD0C26DD076A00777DBE /* Model */,
				A64EDD0526DD06CA00777DBE /* ViewAnimator */,
				A64EDD0426DD06C300777DBE /* Custom Cell */,
				A64EDD0326DD06BB00777DBE /* Controllers */,
				A64EDD0226DD06B600777DBE /* Views */,
				A64EDD0126DD06AC00777DBE /* SupportingFiles */,
				A64EDCFB26DD06A700777DBE /* Info.plist */,
			);
			path = TransitionAnimator;
			sourceTree = "<group>";
		};
		A64EDD0126DD06AC00777DBE /* SupportingFiles */ = {
			isa = PBXGroup;
			children = (
				A64EDCED26DD06A500777DBE /* AppDelegate.swift */,
				A64EDCEF26DD06A500777DBE /* SceneDelegate.swift */,
				A64EDCF626DD06A700777DBE /* Assets.xcassets */,
			);
			path = SupportingFiles;
			sourceTree = "<group>";
		};
		A64EDD0226DD06B600777DBE /* Views */ = {
			isa = PBXGroup;
			children = (
				A64EDCF326DD06A500777DBE /* Main.storyboard */,
				A64EDCF826DD06A700777DBE /* LaunchScreen.storyboard */,
			);
			path = Views;
			sourceTree = "<group>";
		};
		A64EDD0326DD06BB00777DBE /* Controllers */ = {
			isa = PBXGroup;
			children = (
				A64EDCF126DD06A500777DBE /* MenuViewController.swift */,
				A64EDD0F26DD0DFC00777DBE /* DetailViewController.swift */,
			);
			path = Controllers;
			sourceTree = "<group>";
		};
		A64EDD0426DD06C300777DBE /* Custom Cell */ = {
			isa = PBXGroup;
			children = (
				A64EDD0A26DD076300777DBE /* MenuCell.swift */,
			);
			path = "Custom Cell";
			sourceTree = "<group>";
		};
		A64EDD0526DD06CA00777DBE /* ViewAnimator */ = {
			isa = PBXGroup;
			children = (
				A64EDD0926DD06F500777DBE /* Rotate */,
				A64EDD0826DD06EE00777DBE /* Pop */,
				A64EDD0726DD06E500777DBE /* SlideRight */,
				A64EDD0626DD06D900777DBE /* SlideDown */,
			);
			path = ViewAnimator;
			sourceTree = "<group>";
		};
		A64EDD0626DD06D900777DBE /* SlideDown */ = {
			isa = PBXGroup;
			children = (
				A64EDD1126DD158A00777DBE /* SlideDownTransitionAnimator.swift */,
			);
			path = SlideDown;
			sourceTree = "<group>";
		};
		A64EDD0726DD06E500777DBE /* SlideRight */ = {
			isa = PBXGroup;
			children = (
				A64EDD1326DD18A400777DBE /* SlideRightTransitionAnimator.swift */,
			);
			path = SlideRight;
			sourceTree = "<group>";
		};
		A64EDD0826DD06EE00777DBE /* Pop */ = {
			isa = PBXGroup;
			children = (
				A64EDD1526DD1AD100777DBE /* PopTransitionAnimator.swift */,
			);
			path = Pop;
			sourceTree = "<group>";
		};
		A64EDD0926DD06F500777DBE /* Rotate */ = {
			isa = PBXGroup;
			children = (
				A64EDD1726DD1C8A00777DBE /* RotateTransitionAnimator.swift */,
			);
			path = Rotate;
			sourceTree = "<group>";
		};
		A64EDD0C26DD076A00777DBE /* Model */ = {
			isa = PBXGroup;
			children = (
				A64EDD0D26DD077A00777DBE /* File.swift */,
			);
			path = Model;
			sourceTree = "<group>";
		};
/* End PBXGroup section */

/* Begin PBXNativeTarget section */
		A64EDCE926DD06A500777DBE /* TransitionAnimator */ = {
			isa = PBXNativeTarget;
			buildConfigurationList = A64EDCFE26DD06A700777DBE /* Build configuration list for PBXNativeTarget "TransitionAnimator" */;
			buildPhases = (
				A64EDCE626DD06A500777DBE /* Sources */,
				A64EDCE726DD06A500777DBE /* Frameworks */,
				A64EDCE826DD06A500777DBE /* Resources */,
			);
			buildRules = (
			);
			dependencies = (
			);
			name = TransitionAnimator;
			productName = TransitionAnimator;
			productReference = A64EDCEA26DD06A500777DBE /* TransitionAnimator.app */;
			productType = "com.apple.product-type.application";
		};
/* End PBXNativeTarget section */

/* Begin PBXProject section */
		A64EDCE226DD06A500777DBE /* Project object */ = {
			isa = PBXProject;
			attributes = {
				LastSwiftUpdateCheck = 1250;
				LastUpgradeCheck = 1250;
				TargetAttributes = {
					A64EDCE926DD06A500777DBE = {
						CreatedOnToolsVersion = 12.5.1;
					};
				};
			};
			buildConfigurationList = A64EDCE526DD06A500777DBE /* Build configuration list for PBXProject "TransitionAnimator" */;
			compatibilityVersion = "Xcode 9.3";
			developmentRegion = en;
			hasScannedForEncodings = 0;
			knownRegions = (
				en,
				Base,
			);
			mainGroup = A64EDCE126DD06A500777DBE;
			productRefGroup = A64EDCEB26DD06A500777DBE /* Products */;
			projectDirPath = "";
			projectRoot = "";
			targets = (
				A64EDCE926DD06A500777DBE /* TransitionAnimator */,
			);
		};
/* End PBXProject section */

/* Begin PBXResourcesBuildPhase section */
		A64EDCE826DD06A500777DBE /* Resources */ = {
			isa = PBXResourcesBuildPhase;
			buildActionMask = 2147483647;
			files = (
				A64EDCFA26DD06A700777DBE /* LaunchScreen.storyboard in Resources */,
				A64EDCF726DD06A700777DBE /* Assets.xcassets in Resources */,
				A64EDCF526DD06A500777DBE /* Main.storyboard in Resources */,
			);
			runOnlyForDeploymentPostprocessing = 0;
		};
/* End PBXResourcesBuildPhase section */

/* Begin PBXSourcesBuildPhase section */
		A64EDCE626DD06A500777DBE /* Sources */ = {
			isa = PBXSourcesBuildPhase;
			buildActionMask = 2147483647;
			files = (
				A64EDD0E26DD077A00777DBE /* File.swift in Sources */,
				A64EDCF226DD06A500777DBE /* MenuViewController.swift in Sources */,
				A64EDD1426DD18A400777DBE /* SlideRightTransitionAnimator.swift in Sources */,
				A64EDD1626DD1AD100777DBE /* PopTransitionAnimator.swift in Sources */,
				A64EDD1826DD1C8A00777DBE /* RotateTransitionAnimator.swift in Sources */,
				A64EDD1226DD158A00777DBE /* SlideDownTransitionAnimator.swift in Sources */,
				A64EDCEE26DD06A500777DBE /* AppDelegate.swift in Sources */,
				A64EDD1026DD0DFC00777DBE /* DetailViewController.swift in Sources */,
				A64EDD0B26DD076300777DBE /* MenuCell.swift in Sources */,
				A64EDCF026DD06A500777DBE /* SceneDelegate.swift in Sources */,
			);
			runOnlyForDeploymentPostprocessing = 0;
		};
/* End PBXSourcesBuildPhase section */

/* Begin PBXVariantGroup section */
		A64EDCF326DD06A500777DBE /* Main.storyboard */ = {
			isa = PBXVariantGroup;
			children = (
				A64EDCF426DD06A500777DBE /* Base */,
			);
			name = Main.storyboard;
			sourceTree = "<group>";
		};
		A64EDCF826DD06A700777DBE /* LaunchScreen.storyboard */ = {
			isa = PBXVariantGroup;
			children = (
				A64EDCF926DD06A700777DBE /* Base */,
			);
			name = LaunchScreen.storyboard;
			sourceTree = "<group>";
		};
/* End PBXVariantGroup section */

/* Begin XCBuildConfiguration section */
		A64EDCFC26DD06A700777DBE /* Debug */ = {
			isa = XCBuildConfiguration;
			buildSettings = {
				ALWAYS_SEARCH_USER_PATHS = NO;
				CLANG_ANALYZER_NONNULL = YES;
				CLANG_ANALYZER_NUMBER_OBJECT_CONVERSION = YES_AGGRESSIVE;
				CLANG_CXX_LANGUAGE_STANDARD = "gnu++14";
				CLANG_CXX_LIBRARY = "libc++";
				CLANG_ENABLE_MODULES = YES;
				CLANG_ENABLE_OBJC_ARC = YES;
				CLANG_ENABLE_OBJC_WEAK = YES;
				CLANG_WARN_BLOCK_CAPTURE_AUTORELEASING = YES;
				CLANG_WARN_BOOL_CONVERSION = YES;
				CLANG_WARN_COMMA = YES;
				CLANG_WARN_CONSTANT_CONVERSION = YES;
				CLANG_WARN_DEPRECATED_OBJC_IMPLEMENTATIONS = YES;
				CLANG_WARN_DIRECT_OBJC_ISA_USAGE = YES_ERROR;
				CLANG_WARN_DOCUMENTATION_COMMENTS = YES;
				CLANG_WARN_EMPTY_BODY = YES;
				CLANG_WARN_ENUM_CONVERSION = YES;
				CLANG_WARN_INFINITE_RECURSION = YES;
				CLANG_WARN_INT_CONVERSION = YES;
				CLANG_WARN_NON_LITERAL_NULL_CONVERSION = YES;
				CLANG_WARN_OBJC_IMPLICIT_RETAIN_SELF = YES;
				CLANG_WARN_OBJC_LITERAL_CONVERSION = YES;
				CLANG_WARN_OBJC_ROOT_CLASS = YES_ERROR;
				CLANG_WARN_QUOTED_INCLUDE_IN_FRAMEWORK_HEADER = YES;
				CLANG_WARN_RANGE_LOOP_ANALYSIS = YES;
				CLANG_WARN_STRICT_PROTOTYPES = YES;
				CLANG_WARN_SUSPICIOUS_MOVE = YES;
				CLANG_WARN_UNGUARDED_AVAILABILITY = YES_AGGRESSIVE;
				CLANG_WARN_UNREACHABLE_CODE = YES;
				CLANG_WARN__DUPLICATE_METHOD_MATCH = YES;
				COPY_PHASE_STRIP = NO;
				DEBUG_INFORMATION_FORMAT = dwarf;
				ENABLE_STRICT_OBJC_MSGSEND = YES;
				ENABLE_TESTABILITY = YES;
				GCC_C_LANGUAGE_STANDARD = gnu11;
				GCC_DYNAMIC_NO_PIC = NO;
				GCC_NO_COMMON_BLOCKS = YES;
				GCC_OPTIMIZATION_LEVEL = 0;
				GCC_PREPROCESSOR_DEFINITIONS = (
					"DEBUG=1",
					"$(inherited)",
				);
				GCC_WARN_64_TO_32_BIT_CONVERSION = YES;
				GCC_WARN_ABOUT_RETURN_TYPE = YES_ERROR;
				GCC_WARN_UNDECLARED_SELECTOR = YES;
				GCC_WARN_UNINITIALIZED_AUTOS = YES_AGGRESSIVE;
				GCC_WARN_UNUSED_FUNCTION = YES;
				GCC_WARN_UNUSED_VARIABLE = YES;
				IPHONEOS_DEPLOYMENT_TARGET = 14.5;
				MTL_ENABLE_DEBUG_INFO = INCLUDE_SOURCE;
				MTL_FAST_MATH = YES;
				ONLY_ACTIVE_ARCH = YES;
				SDKROOT = iphoneos;
				SWIFT_ACTIVE_COMPILATION_CONDITIONS = DEBUG;
				SWIFT_OPTIMIZATION_LEVEL = "-Onone";
			};
			name = Debug;
		};
		A64EDCFD26DD06A700777DBE /* Release */ = {
			isa = XCBuildConfiguration;
			buildSettings = {
				ALWAYS_SEARCH_USER_PATHS = NO;
				CLANG_ANALYZER_NONNULL = YES;
				CLANG_ANALYZER_NUMBER_OBJECT_CONVERSION = YES_AGGRESSIVE;
				CLANG_CXX_LANGUAGE_STANDARD = "gnu++14";
				CLANG_CXX_LIBRARY = "libc++";
				CLANG_ENABLE_MODULES = YES;
				CLANG_ENABLE_OBJC_ARC = YES;
				CLANG_ENABLE_OBJC_WEAK = YES;
				CLANG_WARN_BLOCK_CAPTURE_AUTORELEASING = YES;
				CLANG_WARN_BOOL_CONVERSION = YES;
				CLANG_WARN_COMMA = YES;
				CLANG_WARN_CONSTANT_CONVERSION = YES;
				CLANG_WARN_DEPRECATED_OBJC_IMPLEMENTATIONS = YES;
				CLANG_WARN_DIRECT_OBJC_ISA_USAGE = YES_ERROR;
				CLANG_WARN_DOCUMENTATION_COMMENTS = YES;
				CLANG_WARN_EMPTY_BODY = YES;
				CLANG_WARN_ENUM_CONVERSION = YES;
				CLANG_WARN_INFINITE_RECURSION = YES;
				CLANG_WARN_INT_CONVERSION = YES;
				CLANG_WARN_NON_LITERAL_NULL_CONVERSION = YES;
				CLANG_WARN_OBJC_IMPLICIT_RETAIN_SELF = YES;
				CLANG_WARN_OBJC_LITERAL_CONVERSION = YES;
				CLANG_WARN_OBJC_ROOT_CLASS = YES_ERROR;
				CLANG_WARN_QUOTED_INCLUDE_IN_FRAMEWORK_HEADER = YES;
				CLANG_WARN_RANGE_LOOP_ANALYSIS = YES;
				CLANG_WARN_STRICT_PROTOTYPES = YES;
				CLANG_WARN_SUSPICIOUS_MOVE = YES;
				CLANG_WARN_UNGUARDED_AVAILABILITY = YES_AGGRESSIVE;
				CLANG_WARN_UNREACHABLE_CODE = YES;
				CLANG_WARN__DUPLICATE_METHOD_MATCH = YES;
				COPY_PHASE_STRIP = NO;
				DEBUG_INFORMATION_FORMAT = "dwarf-with-dsym";
				ENABLE_NS_ASSERTIONS = NO;
				ENABLE_STRICT_OBJC_MSGSEND = YES;
				GCC_C_LANGUAGE_STANDARD = gnu11;
				GCC_NO_COMMON_BLOCKS = YES;
				GCC_WARN_64_TO_32_BIT_CONVERSION = YES;
				GCC_WARN_ABOUT_RETURN_TYPE = YES_ERROR;
				GCC_WARN_UNDECLARED_SELECTOR = YES;
				GCC_WARN_UNINITIALIZED_AUTOS = YES_AGGRESSIVE;
				GCC_WARN_UNUSED_FUNCTION = YES;
				GCC_WARN_UNUSED_VARIABLE = YES;
				IPHONEOS_DEPLOYMENT_TARGET = 14.5;
				MTL_ENABLE_DEBUG_INFO = NO;
				MTL_FAST_MATH = YES;
				SDKROOT = iphoneos;
				SWIFT_COMPILATION_MODE = wholemodule;
				SWIFT_OPTIMIZATION_LEVEL = "-O";
				VALIDATE_PRODUCT = YES;
			};
			name = Release;
		};
		A64EDCFF26DD06A700777DBE /* Debug */ = {
			isa = XCBuildConfiguration;
			buildSettings = {
				ASSETCATALOG_COMPILER_APPICON_NAME = AppIcon;
				ASSETCATALOG_COMPILER_GLOBAL_ACCENT_COLOR_NAME = AccentColor;
				CODE_SIGN_STYLE = Automatic;
				DEVELOPMENT_TEAM = ZJD5A2P8BC;
				INFOPLIST_FILE = TransitionAnimator/Info.plist;
				LD_RUNPATH_SEARCH_PATHS = (
					"$(inherited)",
					"@executable_path/Frameworks",
				);
				PRODUCT_BUNDLE_IDENTIFIER = com.adnannmuratovic.TransitionAnimator;
				PRODUCT_NAME = "$(TARGET_NAME)";
				SWIFT_VERSION = 5.0;
				TARGETED_DEVICE_FAMILY = "1,2";
			};
			name = Debug;
		};
		A64EDD0026DD06A700777DBE /* Release */ = {
			isa = XCBuildConfiguration;
			buildSettings = {
				ASSETCATALOG_COMPILER_APPICON_NAME = AppIcon;
				ASSETCATALOG_COMPILER_GLOBAL_ACCENT_COLOR_NAME = AccentColor;
				CODE_SIGN_STYLE = Automatic;
				DEVELOPMENT_TEAM = ZJD5A2P8BC;
				INFOPLIST_FILE = TransitionAnimator/Info.plist;
				LD_RUNPATH_SEARCH_PATHS = (
					"$(inherited)",
					"@executable_path/Frameworks",
				);
				PRODUCT_BUNDLE_IDENTIFIER = com.adnannmuratovic.TransitionAnimator;
				PRODUCT_NAME = "$(TARGET_NAME)";
				SWIFT_VERSION = 5.0;
				TARGETED_DEVICE_FAMILY = "1,2";
			};
			name = Release;
		};
/* End XCBuildConfiguration section */

/* Begin XCConfigurationList section */
		A64EDCE526DD06A500777DBE /* Build configuration list for PBXProject "TransitionAnimator" */ = {
			isa = XCConfigurationList;
			buildConfigurations = (
				A64EDCFC26DD06A700777DBE /* Debug */,
				A64EDCFD26DD06A700777DBE /* Release */,
			);
			defaultConfigurationIsVisible = 0;
			defaultConfigurationName = Release;
		};
		A64EDCFE26DD06A700777DBE /* Build configuration list for PBXNativeTarget "TransitionAnimator" */ = {
			isa = XCConfigurationList;
			buildConfigurations = (
				A64EDCFF26DD06A700777DBE /* Debug */,
				A64EDD0026DD06A700777DBE /* Release */,
			);
			defaultConfigurationIsVisible = 0;
			defaultConfigurationName = Release;
		};
/* End XCConfigurationList section */
	};
	rootObject = A64EDCE226DD06A500777DBE /* Project object */;
}
